PODS:
  - AFNetworking (2.2.0):
    - AFNetworking/NSURLConnection
    - AFNetworking/NSURLSession
    - AFNetworking/Reachability
    - AFNetworking/Security
    - AFNetworking/Serialization
    - AFNetworking/UIKit
  - AFNetworking/NSURLConnection (2.2.0):
    - AFNetworking/Reachability
    - AFNetworking/Security
    - AFNetworking/Serialization
  - AFNetworking/NSURLSession (2.2.0):
    - AFNetworking/NSURLConnection
  - AFNetworking/Reachability (2.2.0)
  - AFNetworking/Security (2.2.0)
  - AFNetworking/Serialization (2.2.0)
  - AFNetworking/UIKit (2.2.0):
    - AFNetworking/NSURLConnection
    - AFNetworking/NSURLSession
  - HMSegmentedControl (1.3.0)
  - JSONModel (0.13.0)
  - KASlideShow (2.0.0)
  - MBProgressHUD (0.8)
  - REFrostedViewController (2.4.6)

DEPENDENCIES:
  - AFNetworking (= 2.2)
  - HMSegmentedControl (~> 1.3.0)
  - JSONModel (~> 0.12)
  - KASlideShow (~> 2.0)
  - MBProgressHUD (~> 0.8)
  - REFrostedViewController (~> 2.4.6)

SPEC CHECKSUMS:
  AFNetworking: 5f2538aa2d150b71d4e6cca3a420d796e1e1c374
  HMSegmentedControl: 9b3a39b9efd3d370b5d3d7b7cd5430f01a889b0b
  JSONModel: 62ea96b49ea18a8b91ef89c249dba291d8601d82
  KASlideShow: 1c2398948f260cf6cd7ac27f1e2a62efaa238f0c
  MBProgressHUD: c356980b0cd097f19acec959b49dca5eb8ec31be
  REFrostedViewController: 0f6bb16aeb4b384da25cc3c97bc1a16926583c62

COCOAPODS: 0.33.1
