// !$*UTF8*$!
{
	archiveVersion = 1;
	classes = {
	};
	objectVersion = 46;
	objects = {

/* Begin PBXBuildFile section */
		820ED6B61990B93B00413F6F /* Foundation.framework in Frameworks */ = {isa = PBXBuildFile; fileRef = 820ED6B51990B93B00413F6F /* Foundation.framework */; };
		820ED6B81990B93B00413F6F /* CoreGraphics.framework in Frameworks */ = {isa = PBXBuildFile; fileRef = 820ED6B71990B93B00413F6F /* CoreGraphics.framework */; };
		820ED6BA1990B93B00413F6F /* UIKit.framework in Frameworks */ = {isa = PBXBuildFile; fileRef = 820ED6B91990B93B00413F6F /* UIKit.framework */; };
		820ED6C01990B93B00413F6F /* InfoPlist.strings in Resources */ = {isa = PBXBuildFile; fileRef = 820ED6BE1990B93B00413F6F /* InfoPlist.strings */; };
		820ED6C21990B93B00413F6F /* main.m in Sources */ = {isa = PBXBuildFile; fileRef = 820ED6C11990B93B00413F6F /* main.m */; };
		820ED6C61990B93B00413F6F /* SJHAppDelegate.m in Sources */ = {isa = PBXBuildFile; fileRef = 820ED6C51990B93B00413F6F /* SJHAppDelegate.m */; };
		820ED6C91990B93B00413F6F /* Main.storyboard in Resources */ = {isa = PBXBuildFile; fileRef = 820ED6C71990B93B00413F6F /* Main.storyboard */; };
		820ED6CE1990B93B00413F6F /* Images.xcassets in Resources */ = {isa = PBXBuildFile; fileRef = 820ED6CD1990B93B00413F6F /* Images.xcassets */; };
		820ED6D51990B93C00413F6F /* XCTest.framework in Frameworks */ = {isa = PBXBuildFile; fileRef = 820ED6D41990B93C00413F6F /* XCTest.framework */; };
		820ED6D61990B93C00413F6F /* Foundation.framework in Frameworks */ = {isa = PBXBuildFile; fileRef = 820ED6B51990B93B00413F6F /* Foundation.framework */; };
		820ED6D71990B93C00413F6F /* UIKit.framework in Frameworks */ = {isa = PBXBuildFile; fileRef = 820ED6B91990B93B00413F6F /* UIKit.framework */; };
		820ED6DF1990B93C00413F6F /* InfoPlist.strings in Resources */ = {isa = PBXBuildFile; fileRef = 820ED6DD1990B93C00413F6F /* InfoPlist.strings */; };
		820ED6E11990B93C00413F6F /* RecruitmentAppTests.m in Sources */ = {isa = PBXBuildFile; fileRef = 820ED6E01990B93C00413F6F /* RecruitmentAppTests.m */; };
		820ED6ED1990C08000413F6F /* SJHMainViewController.m in Sources */ = {isa = PBXBuildFile; fileRef = 820ED6EC1990C08000413F6F /* SJHMainViewController.m */; };
		820ED6F01990C14400413F6F /* image1.jpg in Resources */ = {isa = PBXBuildFile; fileRef = 820ED6EF1990C14400413F6F /* image1.jpg */; };
		820ED6F31990C25E00413F6F /* SJHRegistrationViewController.m in Sources */ = {isa = PBXBuildFile; fileRef = 820ED6F21990C25E00413F6F /* SJHRegistrationViewController.m */; };
		820ED6F61991F64200413F6F /* SJHImageSlideShowViewController.m in Sources */ = {isa = PBXBuildFile; fileRef = 820ED6F51991F64200413F6F /* SJHImageSlideShowViewController.m */; };
		820ED6F91992000B00413F6F /* UIViewController+AutorotateRules.m in Sources */ = {isa = PBXBuildFile; fileRef = 820ED6F81992000B00413F6F /* UIViewController+AutorotateRules.m */; };
		820F81FB199D9B870002B6A4 /* SJHSettingsButton.m in Sources */ = {isa = PBXBuildFile; fileRef = 820F81FA199D9B870002B6A4 /* SJHSettingsButton.m */; };
		820F8203199F4E020002B6A4 /* SJHAdminDataDisplayViewController.m in Sources */ = {isa = PBXBuildFile; fileRef = 820F8202199F4E020002B6A4 /* SJHAdminDataDisplayViewController.m */; };
		820F8206199F557E0002B6A4 /* SJHRecruitTableViewCell.m in Sources */ = {isa = PBXBuildFile; fileRef = 820F8205199F557E0002B6A4 /* SJHRecruitTableViewCell.m */; };
		820F8209199F60D90002B6A4 /* SJHAdminSettingsTabBarController.m in Sources */ = {isa = PBXBuildFile; fileRef = 820F8208199F60D90002B6A4 /* SJHAdminSettingsTabBarController.m */; };
		820F820C199F88590002B6A4 /* SJHAdminBackButton.m in Sources */ = {isa = PBXBuildFile; fileRef = 820F820B199F88590002B6A4 /* SJHAdminBackButton.m */; };
		820F820F19A09EFE0002B6A4 /* SJHAdminRecruitStatsView.m in Sources */ = {isa = PBXBuildFile; fileRef = 820F820E19A09EFE0002B6A4 /* SJHAdminRecruitStatsView.m */; };
		82270112199ADDC3002AC4F4 /* SJHRecruit.m in Sources */ = {isa = PBXBuildFile; fileRef = 82270111199ADDC3002AC4F4 /* SJHRecruit.m */; };
		82270116199CB478002AC4F4 /* SJHRegistrationHelper.m in Sources */ = {isa = PBXBuildFile; fileRef = 82270115199CB478002AC4F4 /* SJHRegistrationHelper.m */; };
		82270119199CB4DE002AC4F4 /* SJHRegistrationTextField.m in Sources */ = {isa = PBXBuildFile; fileRef = 82270118199CB4DE002AC4F4 /* SJHRegistrationTextField.m */; };
		82E3A04019931FDF00E2C6F5 /* SJHPopoverContentViewController.m in Sources */ = {isa = PBXBuildFile; fileRef = 82E3A03E19931FDF00E2C6F5 /* SJHPopoverContentViewController.m */; };
		82E3A043199492D000E2C6F5 /* image0.jpg in Resources */ = {isa = PBXBuildFile; fileRef = 82E3A042199492D000E2C6F5 /* image0.jpg */; };
		82E3A0451994A04100E2C6F5 /* image2.jpg in Resources */ = {isa = PBXBuildFile; fileRef = 82E3A0441994A04100E2C6F5 /* image2.jpg */; };
		82E3A0481994A0C200E2C6F5 /* image3.jpg in Resources */ = {isa = PBXBuildFile; fileRef = 82E3A0461994A0C200E2C6F5 /* image3.jpg */; };
		82E3A0491994A0C200E2C6F5 /* image4.jpg in Resources */ = {isa = PBXBuildFile; fileRef = 82E3A0471994A0C200E2C6F5 /* image4.jpg */; };
		82E3A04D1999E99800E2C6F5 /* SJHApiClient.m in Sources */ = {isa = PBXBuildFile; fileRef = 82E3A04C1999E99800E2C6F5 /* SJHApiClient.m */; };
		82E3A04F1999ECA200E2C6F5 /* CoreData.framework in Frameworks */ = {isa = PBXBuildFile; fileRef = 82E3A04E1999ECA200E2C6F5 /* CoreData.framework */; };
		82E3A0A7199AB6DD00E2C6F5 /* SJHRecruitJSONModel.m in Sources */ = {isa = PBXBuildFile; fileRef = 82E3A0A6199AB6DD00E2C6F5 /* SJHRecruitJSONModel.m */; };
		82E3A0AB199ABBB700E2C6F5 /* SJHCoreDataHandler.m in Sources */ = {isa = PBXBuildFile; fileRef = 82E3A0AA199ABBB700E2C6F5 /* SJHCoreDataHandler.m */; };
		82E3A0B1199ABF9A00E2C6F5 /* SJHRecruitmentApp.xcdatamodeld in Sources */ = {isa = PBXBuildFile; fileRef = 82E3A0AE199ABF9A00E2C6F5 /* SJHRecruitmentApp.xcdatamodeld */; };
		F0289BDE6B154E6992DEEBB8 /* libPods.a in Frameworks */ = {isa = PBXBuildFile; fileRef = 36ED7378FA5C472EA9A0A15B /* libPods.a */; };
/* End PBXBuildFile section */

/* Begin PBXContainerItemProxy section */
		820ED6D81990B93C00413F6F /* PBXContainerItemProxy */ = {
			isa = PBXContainerItemProxy;
			containerPortal = 820ED6AA1990B93B00413F6F /* Project object */;
			proxyType = 1;
			remoteGlobalIDString = 820ED6B11990B93B00413F6F;
			remoteInfo = RecruitmentApp;
		};
/* End PBXContainerItemProxy section */

/* Begin PBXFileReference section */
		36ED7378FA5C472EA9A0A15B /* libPods.a */ = {isa = PBXFileReference; explicitFileType = archive.ar; includeInIndex = 0; path = libPods.a; sourceTree = BUILT_PRODUCTS_DIR; };
		820ED6B21990B93B00413F6F /* RecruitmentApp.app */ = {isa = PBXFileReference; explicitFileType = wrapper.application; includeInIndex = 0; path = RecruitmentApp.app; sourceTree = BUILT_PRODUCTS_DIR; };
		820ED6B51990B93B00413F6F /* Foundation.framework */ = {isa = PBXFileReference; lastKnownFileType = wrapper.framework; name = Foundation.framework; path = System/Library/Frameworks/Foundation.framework; sourceTree = SDKROOT; };
		820ED6B71990B93B00413F6F /* CoreGraphics.framework */ = {isa = PBXFileReference; lastKnownFileType = wrapper.framework; name = CoreGraphics.framework; path = System/Library/Frameworks/CoreGraphics.framework; sourceTree = SDKROOT; };
		820ED6B91990B93B00413F6F /* UIKit.framework */ = {isa = PBXFileReference; lastKnownFileType = wrapper.framework; name = UIKit.framework; path = System/Library/Frameworks/UIKit.framework; sourceTree = SDKROOT; };
		820ED6BD1990B93B00413F6F /* RecruitmentApp-Info.plist */ = {isa = PBXFileReference; lastKnownFileType = text.plist.xml; path = "RecruitmentApp-Info.plist"; sourceTree = "<group>"; };
		820ED6BF1990B93B00413F6F /* en */ = {isa = PBXFileReference; lastKnownFileType = text.plist.strings; name = en; path = en.lproj/InfoPlist.strings; sourceTree = "<group>"; };
		820ED6C11990B93B00413F6F /* main.m */ = {isa = PBXFileReference; lastKnownFileType = sourcecode.c.objc; path = main.m; sourceTree = "<group>"; };
		820ED6C31990B93B00413F6F /* RecruitmentApp-Prefix.pch */ = {isa = PBXFileReference; lastKnownFileType = sourcecode.c.h; path = "RecruitmentApp-Prefix.pch"; sourceTree = "<group>"; };
		820ED6C41990B93B00413F6F /* SJHAppDelegate.h */ = {isa = PBXFileReference; lastKnownFileType = sourcecode.c.h; path = SJHAppDelegate.h; sourceTree = "<group>"; };
		820ED6C51990B93B00413F6F /* SJHAppDelegate.m */ = {isa = PBXFileReference; lastKnownFileType = sourcecode.c.objc; path = SJHAppDelegate.m; sourceTree = "<group>"; };
		820ED6C81990B93B00413F6F /* Base */ = {isa = PBXFileReference; lastKnownFileType = file.storyboard; name = Base; path = Base.lproj/Main.storyboard; sourceTree = "<group>"; };
		820ED6CD1990B93B00413F6F /* Images.xcassets */ = {isa = PBXFileReference; lastKnownFileType = folder.assetcatalog; path = Images.xcassets; sourceTree = "<group>"; };
		820ED6D31990B93C00413F6F /* RecruitmentAppTests.xctest */ = {isa = PBXFileReference; explicitFileType = wrapper.cfbundle; includeInIndex = 0; path = RecruitmentAppTests.xctest; sourceTree = BUILT_PRODUCTS_DIR; };
		820ED6D41990B93C00413F6F /* XCTest.framework */ = {isa = PBXFileReference; lastKnownFileType = wrapper.framework; name = XCTest.framework; path = Library/Frameworks/XCTest.framework; sourceTree = DEVELOPER_DIR; };
		820ED6DC1990B93C00413F6F /* RecruitmentAppTests-Info.plist */ = {isa = PBXFileReference; lastKnownFileType = text.plist.xml; path = "RecruitmentAppTests-Info.plist"; sourceTree = "<group>"; };
		820ED6DE1990B93C00413F6F /* en */ = {isa = PBXFileReference; lastKnownFileType = text.plist.strings; name = en; path = en.lproj/InfoPlist.strings; sourceTree = "<group>"; };
		820ED6E01990B93C00413F6F /* RecruitmentAppTests.m */ = {isa = PBXFileReference; lastKnownFileType = sourcecode.c.objc; path = RecruitmentAppTests.m; sourceTree = "<group>"; };
		820ED6EB1990C08000413F6F /* SJHMainViewController.h */ = {isa = PBXFileReference; fileEncoding = 4; lastKnownFileType = sourcecode.c.h; name = SJHMainViewController.h; path = Controllers/SJHMainViewController.h; sourceTree = "<group>"; };
		820ED6EC1990C08000413F6F /* SJHMainViewController.m */ = {isa = PBXFileReference; fileEncoding = 4; lastKnownFileType = sourcecode.c.objc; name = SJHMainViewController.m; path = Controllers/SJHMainViewController.m; sourceTree = "<group>"; };
		820ED6EF1990C14400413F6F /* image1.jpg */ = {isa = PBXFileReference; lastKnownFileType = image.jpeg; name = image1.jpg; path = Resources/image1.jpg; sourceTree = "<group>"; };
		820ED6F11990C25E00413F6F /* SJHRegistrationViewController.h */ = {isa = PBXFileReference; fileEncoding = 4; lastKnownFileType = sourcecode.c.h; name = SJHRegistrationViewController.h; path = Controllers/SJHRegistrationViewController.h; sourceTree = "<group>"; };
		820ED6F21990C25E00413F6F /* SJHRegistrationViewController.m */ = {isa = PBXFileReference; fileEncoding = 4; lastKnownFileType = sourcecode.c.objc; name = SJHRegistrationViewController.m; path = Controllers/SJHRegistrationViewController.m; sourceTree = "<group>"; };
		820ED6F41991F64200413F6F /* SJHImageSlideShowViewController.h */ = {isa = PBXFileReference; fileEncoding = 4; lastKnownFileType = sourcecode.c.h; name = SJHImageSlideShowViewController.h; path = Controllers/SJHImageSlideShowViewController.h; sourceTree = "<group>"; };
		820ED6F51991F64200413F6F /* SJHImageSlideShowViewController.m */ = {isa = PBXFileReference; fileEncoding = 4; lastKnownFileType = sourcecode.c.objc; name = SJHImageSlideShowViewController.m; path = Controllers/SJHImageSlideShowViewController.m; sourceTree = "<group>"; };
		820ED6F71992000B00413F6F /* UIViewController+AutorotateRules.h */ = {isa = PBXFileReference; fileEncoding = 4; lastKnownFileType = sourcecode.c.h; name = "UIViewController+AutorotateRules.h"; path = "Controllers/UIViewController+AutorotateRules.h"; sourceTree = "<group>"; };
		820ED6F81992000B00413F6F /* UIViewController+AutorotateRules.m */ = {isa = PBXFileReference; fileEncoding = 4; lastKnownFileType = sourcecode.c.objc; name = "UIViewController+AutorotateRules.m"; path = "Controllers/UIViewController+AutorotateRules.m"; sourceTree = "<group>"; };
		820F81F9199D9B870002B6A4 /* SJHSettingsButton.h */ = {isa = PBXFileReference; fileEncoding = 4; lastKnownFileType = sourcecode.c.h; name = SJHSettingsButton.h; path = Views/SJHSettingsButton.h; sourceTree = "<group>"; };
		820F81FA199D9B870002B6A4 /* SJHSettingsButton.m */ = {isa = PBXFileReference; fileEncoding = 4; lastKnownFileType = sourcecode.c.objc; name = SJHSettingsButton.m; path = Views/SJHSettingsButton.m; sourceTree = "<group>"; };
		820F8201199F4E020002B6A4 /* SJHAdminDataDisplayViewController.h */ = {isa = PBXFileReference; fileEncoding = 4; lastKnownFileType = sourcecode.c.h; name = SJHAdminDataDisplayViewController.h; path = Controllers/SJHAdminDataDisplayViewController.h; sourceTree = "<group>"; };
		820F8202199F4E020002B6A4 /* SJHAdminDataDisplayViewController.m */ = {isa = PBXFileReference; fileEncoding = 4; lastKnownFileType = sourcecode.c.objc; name = SJHAdminDataDisplayViewController.m; path = Controllers/SJHAdminDataDisplayViewController.m; sourceTree = "<group>"; };
		820F8204199F557E0002B6A4 /* SJHRecruitTableViewCell.h */ = {isa = PBXFileReference; fileEncoding = 4; lastKnownFileType = sourcecode.c.h; name = SJHRecruitTableViewCell.h; path = Views/SJHRecruitTableViewCell.h; sourceTree = "<group>"; };
		820F8205199F557E0002B6A4 /* SJHRecruitTableViewCell.m */ = {isa = PBXFileReference; fileEncoding = 4; lastKnownFileType = sourcecode.c.objc; name = SJHRecruitTableViewCell.m; path = Views/SJHRecruitTableViewCell.m; sourceTree = "<group>"; };
		820F8207199F60D90002B6A4 /* SJHAdminSettingsTabBarController.h */ = {isa = PBXFileReference; fileEncoding = 4; lastKnownFileType = sourcecode.c.h; name = SJHAdminSettingsTabBarController.h; path = Controllers/SJHAdminSettingsTabBarController.h; sourceTree = "<group>"; };
		820F8208199F60D90002B6A4 /* SJHAdminSettingsTabBarController.m */ = {isa = PBXFileReference; fileEncoding = 4; lastKnownFileType = sourcecode.c.objc; name = SJHAdminSettingsTabBarController.m; path = Controllers/SJHAdminSettingsTabBarController.m; sourceTree = "<group>"; };
		820F820A199F88590002B6A4 /* SJHAdminBackButton.h */ = {isa = PBXFileReference; fileEncoding = 4; lastKnownFileType = sourcecode.c.h; name = SJHAdminBackButton.h; path = Views/SJHAdminBackButton.h; sourceTree = "<group>"; };
		820F820B199F88590002B6A4 /* SJHAdminBackButton.m */ = {isa = PBXFileReference; fileEncoding = 4; lastKnownFileType = sourcecode.c.objc; name = SJHAdminBackButton.m; path = Views/SJHAdminBackButton.m; sourceTree = "<group>"; };
		820F820D19A09EFE0002B6A4 /* SJHAdminRecruitStatsView.h */ = {isa = PBXFileReference; fileEncoding = 4; lastKnownFileType = sourcecode.c.h; name = SJHAdminRecruitStatsView.h; path = Views/SJHAdminRecruitStatsView.h; sourceTree = "<group>"; };
		820F820E19A09EFE0002B6A4 /* SJHAdminRecruitStatsView.m */ = {isa = PBXFileReference; fileEncoding = 4; lastKnownFileType = sourcecode.c.objc; name = SJHAdminRecruitStatsView.m; path = Views/SJHAdminRecruitStatsView.m; sourceTree = "<group>"; };
		82270110199ADDC3002AC4F4 /* SJHRecruit.h */ = {isa = PBXFileReference; fileEncoding = 4; lastKnownFileType = sourcecode.c.h; name = SJHRecruit.h; path = CoreData/SJHRecruit.h; sourceTree = "<group>"; };
		82270111199ADDC3002AC4F4 /* SJHRecruit.m */ = {isa = PBXFileReference; fileEncoding = 4; lastKnownFileType = sourcecode.c.objc; name = SJHRecruit.m; path = CoreData/SJHRecruit.m; sourceTree = "<group>"; };
		82270114199CB478002AC4F4 /* SJHRegistrationHelper.h */ = {isa = PBXFileReference; fileEncoding = 4; lastKnownFileType = sourcecode.c.h; name = SJHRegistrationHelper.h; path = Helpers/SJHRegistrationHelper.h; sourceTree = "<group>"; };
		82270115199CB478002AC4F4 /* SJHRegistrationHelper.m */ = {isa = PBXFileReference; fileEncoding = 4; lastKnownFileType = sourcecode.c.objc; name = SJHRegistrationHelper.m; path = Helpers/SJHRegistrationHelper.m; sourceTree = "<group>"; };
		82270117199CB4DE002AC4F4 /* SJHRegistrationTextField.h */ = {isa = PBXFileReference; fileEncoding = 4; lastKnownFileType = sourcecode.c.h; name = SJHRegistrationTextField.h; path = Views/SJHRegistrationTextField.h; sourceTree = "<group>"; };
		82270118199CB4DE002AC4F4 /* SJHRegistrationTextField.m */ = {isa = PBXFileReference; fileEncoding = 4; lastKnownFileType = sourcecode.c.objc; name = SJHRegistrationTextField.m; path = Views/SJHRegistrationTextField.m; sourceTree = "<group>"; };
		82E3A03D19931FDF00E2C6F5 /* SJHPopoverContentViewController.h */ = {isa = PBXFileReference; fileEncoding = 4; lastKnownFileType = sourcecode.c.h; name = SJHPopoverContentViewController.h; path = Controllers/SJHPopoverContentViewController.h; sourceTree = "<group>"; };
		82E3A03E19931FDF00E2C6F5 /* SJHPopoverContentViewController.m */ = {isa = PBXFileReference; fileEncoding = 4; lastKnownFileType = sourcecode.c.objc; name = SJHPopoverContentViewController.m; path = Controllers/SJHPopoverContentViewController.m; sourceTree = "<group>"; };
		82E3A042199492D000E2C6F5 /* image0.jpg */ = {isa = PBXFileReference; lastKnownFileType = image.jpeg; name = image0.jpg; path = Resources/image0.jpg; sourceTree = "<group>"; };
		82E3A0441994A04100E2C6F5 /* image2.jpg */ = {isa = PBXFileReference; lastKnownFileType = image.jpeg; name = image2.jpg; path = Resources/image2.jpg; sourceTree = "<group>"; };
		82E3A0461994A0C200E2C6F5 /* image3.jpg */ = {isa = PBXFileReference; lastKnownFileType = image.jpeg; name = image3.jpg; path = Resources/image3.jpg; sourceTree = "<group>"; };
		82E3A0471994A0C200E2C6F5 /* image4.jpg */ = {isa = PBXFileReference; lastKnownFileType = image.jpeg; name = image4.jpg; path = Resources/image4.jpg; sourceTree = "<group>"; };
		82E3A04B1999E99800E2C6F5 /* SJHApiClient.h */ = {isa = PBXFileReference; fileEncoding = 4; lastKnownFileType = sourcecode.c.h; name = SJHApiClient.h; path = Networking/SJHApiClient.h; sourceTree = "<group>"; };
		82E3A04C1999E99800E2C6F5 /* SJHApiClient.m */ = {isa = PBXFileReference; fileEncoding = 4; lastKnownFileType = sourcecode.c.objc; name = SJHApiClient.m; path = Networking/SJHApiClient.m; sourceTree = "<group>"; };
		82E3A04E1999ECA200E2C6F5 /* CoreData.framework */ = {isa = PBXFileReference; lastKnownFileType = wrapper.framework; name = CoreData.framework; path = System/Library/Frameworks/CoreData.framework; sourceTree = SDKROOT; };
		82E3A0A5199AB6DD00E2C6F5 /* SJHRecruitJSONModel.h */ = {isa = PBXFileReference; fileEncoding = 4; lastKnownFileType = sourcecode.c.h; name = SJHRecruitJSONModel.h; path = Model/SJHRecruitJSONModel.h; sourceTree = "<group>"; };
		82E3A0A6199AB6DD00E2C6F5 /* SJHRecruitJSONModel.m */ = {isa = PBXFileReference; fileEncoding = 4; lastKnownFileType = sourcecode.c.objc; name = SJHRecruitJSONModel.m; path = Model/SJHRecruitJSONModel.m; sourceTree = "<group>"; };
		82E3A0A9199ABBB700E2C6F5 /* SJHCoreDataHandler.h */ = {isa = PBXFileReference; fileEncoding = 4; lastKnownFileType = sourcecode.c.h; name = SJHCoreDataHandler.h; path = CoreData/SJHCoreDataHandler.h; sourceTree = "<group>"; };
		82E3A0AA199ABBB700E2C6F5 /* SJHCoreDataHandler.m */ = {isa = PBXFileReference; fileEncoding = 4; lastKnownFileType = sourcecode.c.objc; name = SJHCoreDataHandler.m; path = CoreData/SJHCoreDataHandler.m; sourceTree = "<group>"; };
		82E3A0AF199ABF9A00E2C6F5 /* SJHRecruitmentApp.xcdatamodel */ = {isa = PBXFileReference; lastKnownFileType = wrapper.xcdatamodel; path = SJHRecruitmentApp.xcdatamodel; sourceTree = "<group>"; };
		AC84E950A6054CD182760900 /* Pods.xcconfig */ = {isa = PBXFileReference; includeInIndex = 1; lastKnownFileType = text.xcconfig; name = Pods.xcconfig; path = Pods/Pods.xcconfig; sourceTree = "<group>"; };
/* End PBXFileReference section */

/* Begin PBXFrameworksBuildPhase section */
		820ED6AF1990B93B00413F6F /* Frameworks */ = {
			isa = PBXFrameworksBuildPhase;
			buildActionMask = 2147483647;
			files = (
				82E3A04F1999ECA200E2C6F5 /* CoreData.framework in Frameworks */,
				820ED6B81990B93B00413F6F /* CoreGraphics.framework in Frameworks */,
				820ED6BA1990B93B00413F6F /* UIKit.framework in Frameworks */,
				820ED6B61990B93B00413F6F /* Foundation.framework in Frameworks */,
				F0289BDE6B154E6992DEEBB8 /* libPods.a in Frameworks */,
			);
			runOnlyForDeploymentPostprocessing = 0;
		};
		820ED6D01990B93C00413F6F /* Frameworks */ = {
			isa = PBXFrameworksBuildPhase;
			buildActionMask = 2147483647;
			files = (
				820ED6D51990B93C00413F6F /* XCTest.framework in Frameworks */,
				820ED6D71990B93C00413F6F /* UIKit.framework in Frameworks */,
				820ED6D61990B93C00413F6F /* Foundation.framework in Frameworks */,
			);
			runOnlyForDeploymentPostprocessing = 0;
		};
/* End PBXFrameworksBuildPhase section */

/* Begin PBXGroup section */
		820ED6A91990B93B00413F6F = {
			isa = PBXGroup;
			children = (
				820ED6BB1990B93B00413F6F /* RecruitmentApp */,
				820ED6DA1990B93C00413F6F /* RecruitmentAppTests */,
				820ED6B41990B93B00413F6F /* Frameworks */,
				820ED6B31990B93B00413F6F /* Products */,
				AC84E950A6054CD182760900 /* Pods.xcconfig */,
			);
			sourceTree = "<group>";
		};
		820ED6B31990B93B00413F6F /* Products */ = {
			isa = PBXGroup;
			children = (
				820ED6B21990B93B00413F6F /* RecruitmentApp.app */,
				820ED6D31990B93C00413F6F /* RecruitmentAppTests.xctest */,
			);
			name = Products;
			sourceTree = "<group>";
		};
		820ED6B41990B93B00413F6F /* Frameworks */ = {
			isa = PBXGroup;
			children = (
				82E3A04E1999ECA200E2C6F5 /* CoreData.framework */,
				820ED6B51990B93B00413F6F /* Foundation.framework */,
				820ED6B71990B93B00413F6F /* CoreGraphics.framework */,
				820ED6B91990B93B00413F6F /* UIKit.framework */,
				820ED6D41990B93C00413F6F /* XCTest.framework */,
				36ED7378FA5C472EA9A0A15B /* libPods.a */,
			);
			name = Frameworks;
			sourceTree = "<group>";
		};
		820ED6BB1990B93B00413F6F /* RecruitmentApp */ = {
			isa = PBXGroup;
			children = (
				82E3A04A1999E95300E2C6F5 /* Networking */,
				82E3A0A8199ABB7E00E2C6F5 /* CoreData */,
				82270113199CB449002AC4F4 /* Helpers */,
				820ED6EA1990C05400413F6F /* Controllers */,
				82E3A03C19931F8E00E2C6F5 /* Views */,
				82E3A0A4199AB42900E2C6F5 /* ViewModels */,
				82E3A0501999ECBE00E2C6F5 /* Models */,
				820ED6C41990B93B00413F6F /* SJHAppDelegate.h */,
				820ED6C51990B93B00413F6F /* SJHAppDelegate.m */,
				820ED6C71990B93B00413F6F /* Main.storyboard */,
				820ED6CD1990B93B00413F6F /* Images.xcassets */,
				820ED6EE1990C13300413F6F /* Resources */,
				820ED6BC1990B93B00413F6F /* Supporting Files */,
			);
			path = RecruitmentApp;
			sourceTree = "<group>";
		};
		820ED6BC1990B93B00413F6F /* Supporting Files */ = {
			isa = PBXGroup;
			children = (
				820ED6BD1990B93B00413F6F /* RecruitmentApp-Info.plist */,
				820ED6BE1990B93B00413F6F /* InfoPlist.strings */,
				820ED6C11990B93B00413F6F /* main.m */,
				820ED6C31990B93B00413F6F /* RecruitmentApp-Prefix.pch */,
			);
			name = "Supporting Files";
			sourceTree = "<group>";
		};
		820ED6DA1990B93C00413F6F /* RecruitmentAppTests */ = {
			isa = PBXGroup;
			children = (
				820ED6E01990B93C00413F6F /* RecruitmentAppTests.m */,
				820ED6DB1990B93C00413F6F /* Supporting Files */,
			);
			path = RecruitmentAppTests;
			sourceTree = "<group>";
		};
		820ED6DB1990B93C00413F6F /* Supporting Files */ = {
			isa = PBXGroup;
			children = (
				820ED6DC1990B93C00413F6F /* RecruitmentAppTests-Info.plist */,
				820ED6DD1990B93C00413F6F /* InfoPlist.strings */,
			);
			name = "Supporting Files";
			sourceTree = "<group>";
		};
		820ED6EA1990C05400413F6F /* Controllers */ = {
			isa = PBXGroup;
			children = (
				820ED6F71992000B00413F6F /* UIViewController+AutorotateRules.h */,
				820ED6F81992000B00413F6F /* UIViewController+AutorotateRules.m */,
				820ED6EB1990C08000413F6F /* SJHMainViewController.h */,
				820ED6EC1990C08000413F6F /* SJHMainViewController.m */,
				820ED6F41991F64200413F6F /* SJHImageSlideShowViewController.h */,
				820ED6F51991F64200413F6F /* SJHImageSlideShowViewController.m */,
				820F81FC199F4A8C0002B6A4 /* Registration */,
				820F81FD199F4AB10002B6A4 /* Admin Settings */,
			);
			name = Controllers;
			sourceTree = "<group>";
		};
		820ED6EE1990C13300413F6F /* Resources */ = {
			isa = PBXGroup;
			children = (
				82E3A0461994A0C200E2C6F5 /* image3.jpg */,
				82E3A0471994A0C200E2C6F5 /* image4.jpg */,
				82E3A0441994A04100E2C6F5 /* image2.jpg */,
				82E3A042199492D000E2C6F5 /* image0.jpg */,
				820ED6EF1990C14400413F6F /* image1.jpg */,
			);
			name = Resources;
			sourceTree = "<group>";
		};
		820F81FC199F4A8C0002B6A4 /* Registration */ = {
			isa = PBXGroup;
			children = (
				820ED6F11990C25E00413F6F /* SJHRegistrationViewController.h */,
				820ED6F21990C25E00413F6F /* SJHRegistrationViewController.m */,
				82E3A03D19931FDF00E2C6F5 /* SJHPopoverContentViewController.h */,
				82E3A03E19931FDF00E2C6F5 /* SJHPopoverContentViewController.m */,
			);
			name = Registration;
			sourceTree = "<group>";
		};
		820F81FD199F4AB10002B6A4 /* Admin Settings */ = {
			isa = PBXGroup;
			children = (
				820F8207199F60D90002B6A4 /* SJHAdminSettingsTabBarController.h */,
				820F8208199F60D90002B6A4 /* SJHAdminSettingsTabBarController.m */,
				820F8201199F4E020002B6A4 /* SJHAdminDataDisplayViewController.h */,
				820F8202199F4E020002B6A4 /* SJHAdminDataDisplayViewController.m */,
			);
			name = "Admin Settings";
			sourceTree = "<group>";
		};
		82270113199CB449002AC4F4 /* Helpers */ = {
			isa = PBXGroup;
			children = (
				82270114199CB478002AC4F4 /* SJHRegistrationHelper.h */,
				82270115199CB478002AC4F4 /* SJHRegistrationHelper.m */,
			);
			name = Helpers;
			sourceTree = "<group>";
		};
		82E3A03C19931F8E00E2C6F5 /* Views */ = {
			isa = PBXGroup;
			children = (
				82270117199CB4DE002AC4F4 /* SJHRegistrationTextField.h */,
				82270118199CB4DE002AC4F4 /* SJHRegistrationTextField.m */,
				820F81F9199D9B870002B6A4 /* SJHSettingsButton.h */,
				820F81FA199D9B870002B6A4 /* SJHSettingsButton.m */,
				820F8204199F557E0002B6A4 /* SJHRecruitTableViewCell.h */,
				820F8205199F557E0002B6A4 /* SJHRecruitTableViewCell.m */,
				820F820A199F88590002B6A4 /* SJHAdminBackButton.h */,
				820F820B199F88590002B6A4 /* SJHAdminBackButton.m */,
				820F820D19A09EFE0002B6A4 /* SJHAdminRecruitStatsView.h */,
				820F820E19A09EFE0002B6A4 /* SJHAdminRecruitStatsView.m */,
			);
			name = Views;
			sourceTree = "<group>";
		};
		82E3A04A1999E95300E2C6F5 /* Networking */ = {
			isa = PBXGroup;
			children = (
				82E3A04B1999E99800E2C6F5 /* SJHApiClient.h */,
				82E3A04C1999E99800E2C6F5 /* SJHApiClient.m */,
			);
			name = Networking;
			sourceTree = "<group>";
		};
		82E3A0501999ECBE00E2C6F5 /* Models */ = {
			isa = PBXGroup;
			children = (
				82E3A0A5199AB6DD00E2C6F5 /* SJHRecruitJSONModel.h */,
				82E3A0A6199AB6DD00E2C6F5 /* SJHRecruitJSONModel.m */,
			);
			name = Models;
			sourceTree = "<group>";
		};
		82E3A0A4199AB42900E2C6F5 /* ViewModels */ = {
			isa = PBXGroup;
			children = (
			);
			name = ViewModels;
			sourceTree = "<group>";
		};
		82E3A0A8199ABB7E00E2C6F5 /* CoreData */ = {
			isa = PBXGroup;
			children = (
				82E3A0A9199ABBB700E2C6F5 /* SJHCoreDataHandler.h */,
				82E3A0AA199ABBB700E2C6F5 /* SJHCoreDataHandler.m */,
				82E3A0AE199ABF9A00E2C6F5 /* SJHRecruitmentApp.xcdatamodeld */,
				82270110199ADDC3002AC4F4 /* SJHRecruit.h */,
				82270111199ADDC3002AC4F4 /* SJHRecruit.m */,
			);
			name = CoreData;
			sourceTree = "<group>";
		};
/* End PBXGroup section */

/* Begin PBXNativeTarget section */
		820ED6B11990B93B00413F6F /* RecruitmentApp */ = {
			isa = PBXNativeTarget;
			buildConfigurationList = 820ED6E41990B93C00413F6F /* Build configuration list for PBXNativeTarget "RecruitmentApp" */;
			buildPhases = (
				EB6E0555483D404E959FB9B3 /* Check Pods Manifest.lock */,
				820ED6AE1990B93B00413F6F /* Sources */,
				820ED6AF1990B93B00413F6F /* Frameworks */,
				820ED6B01990B93B00413F6F /* Resources */,
				EB366C20628C4A1CB972793A /* Copy Pods Resources */,
			);
			buildRules = (
			);
			dependencies = (
			);
			name = RecruitmentApp;
			productName = RecruitmentApp;
			productReference = 820ED6B21990B93B00413F6F /* RecruitmentApp.app */;
			productType = "com.apple.product-type.application";
		};
		820ED6D21990B93C00413F6F /* RecruitmentAppTests */ = {
			isa = PBXNativeTarget;
			buildConfigurationList = 820ED6E71990B93C00413F6F /* Build configuration list for PBXNativeTarget "RecruitmentAppTests" */;
			buildPhases = (
				820ED6CF1990B93C00413F6F /* Sources */,
				820ED6D01990B93C00413F6F /* Frameworks */,
				820ED6D11990B93C00413F6F /* Resources */,
			);
			buildRules = (
			);
			dependencies = (
				820ED6D91990B93C00413F6F /* PBXTargetDependency */,
			);
			name = RecruitmentAppTests;
			productName = RecruitmentAppTests;
			productReference = 820ED6D31990B93C00413F6F /* RecruitmentAppTests.xctest */;
			productType = "com.apple.product-type.bundle.unit-test";
		};
/* End PBXNativeTarget section */

/* Begin PBXProject section */
		820ED6AA1990B93B00413F6F /* Project object */ = {
			isa = PBXProject;
			attributes = {
				CLASSPREFIX = SJH;
				LastUpgradeCheck = 0510;
				ORGANIZATIONNAME = UCISailingTeam;
				TargetAttributes = {
					820ED6B11990B93B00413F6F = {
						DevelopmentTeam = E4FPF84W6V;
					};
					820ED6D21990B93C00413F6F = {
						TestTargetID = 820ED6B11990B93B00413F6F;
					};
				};
			};
			buildConfigurationList = 820ED6AD1990B93B00413F6F /* Build configuration list for PBXProject "RecruitmentApp" */;
			compatibilityVersion = "Xcode 3.2";
			developmentRegion = English;
			hasScannedForEncodings = 0;
			knownRegions = (
				en,
				Base,
			);
			mainGroup = 820ED6A91990B93B00413F6F;
			productRefGroup = 820ED6B31990B93B00413F6F /* Products */;
			projectDirPath = "";
			projectRoot = "";
			targets = (
				820ED6B11990B93B00413F6F /* RecruitmentApp */,
				820ED6D21990B93C00413F6F /* RecruitmentAppTests */,
			);
		};
/* End PBXProject section */

/* Begin PBXResourcesBuildPhase section */
		820ED6B01990B93B00413F6F /* Resources */ = {
			isa = PBXResourcesBuildPhase;
			buildActionMask = 2147483647;
			files = (
				82E3A0491994A0C200E2C6F5 /* image4.jpg in Resources */,
				820ED6F01990C14400413F6F /* image1.jpg in Resources */,
				82E3A043199492D000E2C6F5 /* image0.jpg in Resources */,
				820ED6CE1990B93B00413F6F /* Images.xcassets in Resources */,
				820ED6C01990B93B00413F6F /* InfoPlist.strings in Resources */,
				82E3A0451994A04100E2C6F5 /* image2.jpg in Resources */,
				82E3A0481994A0C200E2C6F5 /* image3.jpg in Resources */,
				820ED6C91990B93B00413F6F /* Main.storyboard in Resources */,
			);
			runOnlyForDeploymentPostprocessing = 0;
		};
		820ED6D11990B93C00413F6F /* Resources */ = {
			isa = PBXResourcesBuildPhase;
			buildActionMask = 2147483647;
			files = (
				820ED6DF1990B93C00413F6F /* InfoPlist.strings in Resources */,
			);
			runOnlyForDeploymentPostprocessing = 0;
		};
/* End PBXResourcesBuildPhase section */

/* Begin PBXShellScriptBuildPhase section */
		EB366C20628C4A1CB972793A /* Copy Pods Resources */ = {
			isa = PBXShellScriptBuildPhase;
			buildActionMask = 2147483647;
			files = (
			);
			inputPaths = (
			);
			name = "Copy Pods Resources";
			outputPaths = (
			);
			runOnlyForDeploymentPostprocessing = 0;
			shellPath = /bin/sh;
			shellScript = "\"${SRCROOT}/Pods/Pods-resources.sh\"\n";
			showEnvVarsInLog = 0;
		};
		EB6E0555483D404E959FB9B3 /* Check Pods Manifest.lock */ = {
			isa = PBXShellScriptBuildPhase;
			buildActionMask = 2147483647;
			files = (
			);
			inputPaths = (
			);
			name = "Check Pods Manifest.lock";
			outputPaths = (
			);
			runOnlyForDeploymentPostprocessing = 0;
			shellPath = /bin/sh;
			shellScript = "diff \"${PODS_ROOT}/../Podfile.lock\" \"${PODS_ROOT}/Manifest.lock\" > /dev/null\nif [[ $? != 0 ]] ; then\n    cat << EOM\nerror: The sandbox is not in sync with the Podfile.lock. Run 'pod install' or update your CocoaPods installation.\nEOM\n    exit 1\nfi\n";
			showEnvVarsInLog = 0;
		};
/* End PBXShellScriptBuildPhase section */

/* Begin PBXSourcesBuildPhase section */
		820ED6AE1990B93B00413F6F /* Sources */ = {
			isa = PBXSourcesBuildPhase;
			buildActionMask = 2147483647;
			files = (
				82270119199CB4DE002AC4F4 /* SJHRegistrationTextField.m in Sources */,
				820F81FB199D9B870002B6A4 /* SJHSettingsButton.m in Sources */,
				82E3A0A7199AB6DD00E2C6F5 /* SJHRecruitJSONModel.m in Sources */,
				820F8203199F4E020002B6A4 /* SJHAdminDataDisplayViewController.m in Sources */,
				820ED6F31990C25E00413F6F /* SJHRegistrationViewController.m in Sources */,
				820ED6F91992000B00413F6F /* UIViewController+AutorotateRules.m in Sources */,
				820ED6C61990B93B00413F6F /* SJHAppDelegate.m in Sources */,
				820F820F19A09EFE0002B6A4 /* SJHAdminRecruitStatsView.m in Sources */,
				820ED6C21990B93B00413F6F /* main.m in Sources */,
				82E3A04019931FDF00E2C6F5 /* SJHPopoverContentViewController.m in Sources */,
				82270112199ADDC3002AC4F4 /* SJHRecruit.m in Sources */,
				820ED6F61991F64200413F6F /* SJHImageSlideShowViewController.m in Sources */,
				82E3A0AB199ABBB700E2C6F5 /* SJHCoreDataHandler.m in Sources */,
				820F820C199F88590002B6A4 /* SJHAdminBackButton.m in Sources */,
				820ED6ED1990C08000413F6F /* SJHMainViewController.m in Sources */,
				82270116199CB478002AC4F4 /* SJHRegistrationHelper.m in Sources */,
				820F8206199F557E0002B6A4 /* SJHRecruitTableViewCell.m in Sources */,
				82E3A0B1199ABF9A00E2C6F5 /* SJHRecruitmentApp.xcdatamodeld in Sources */,
				820F8209199F60D90002B6A4 /* SJHAdminSettingsTabBarController.m in Sources */,
				82E3A04D1999E99800E2C6F5 /* SJHApiClient.m in Sources */,
			);
			runOnlyForDeploymentPostprocessing = 0;
		};
		820ED6CF1990B93C00413F6F /* Sources */ = {
			isa = PBXSourcesBuildPhase;
			buildActionMask = 2147483647;
			files = (
				820ED6E11990B93C00413F6F /* RecruitmentAppTests.m in Sources */,
			);
			runOnlyForDeploymentPostprocessing = 0;
		};
/* End PBXSourcesBuildPhase section */

/* Begin PBXTargetDependency section */
		820ED6D91990B93C00413F6F /* PBXTargetDependency */ = {
			isa = PBXTargetDependency;
			target = 820ED6B11990B93B00413F6F /* RecruitmentApp */;
			targetProxy = 820ED6D81990B93C00413F6F /* PBXContainerItemProxy */;
		};
/* End PBXTargetDependency section */

/* Begin PBXVariantGroup section */
		820ED6BE1990B93B00413F6F /* InfoPlist.strings */ = {
			isa = PBXVariantGroup;
			children = (
				820ED6BF1990B93B00413F6F /* en */,
			);
			name = InfoPlist.strings;
			sourceTree = "<group>";
		};
		820ED6C71990B93B00413F6F /* Main.storyboard */ = {
			isa = PBXVariantGroup;
			children = (
				820ED6C81990B93B00413F6F /* Base */,
			);
			name = Main.storyboard;
			sourceTree = "<group>";
		};
		820ED6DD1990B93C00413F6F /* InfoPlist.strings */ = {
			isa = PBXVariantGroup;
			children = (
				820ED6DE1990B93C00413F6F /* en */,
			);
			name = InfoPlist.strings;
			sourceTree = "<group>";
		};
/* End PBXVariantGroup section */

/* Begin XCBuildConfiguration section */
		820ED6E21990B93C00413F6F /* Debug */ = {
			isa = XCBuildConfiguration;
			buildSettings = {
				ALWAYS_SEARCH_USER_PATHS = NO;
				CLANG_CXX_LANGUAGE_STANDARD = "gnu++0x";
				CLANG_CXX_LIBRARY = "libc++";
				CLANG_ENABLE_MODULES = YES;
				CLANG_ENABLE_OBJC_ARC = YES;
				CLANG_WARN_BOOL_CONVERSION = YES;
				CLANG_WARN_CONSTANT_CONVERSION = YES;
				CLANG_WARN_DIRECT_OBJC_ISA_USAGE = YES_ERROR;
				CLANG_WARN_EMPTY_BODY = YES;
				CLANG_WARN_ENUM_CONVERSION = YES;
				CLANG_WARN_INT_CONVERSION = YES;
				CLANG_WARN_OBJC_ROOT_CLASS = YES_ERROR;
				CLANG_WARN__DUPLICATE_METHOD_MATCH = YES;
				CODE_SIGN_IDENTITY = "iPhone Developer: James Heller (C357K8B9EX)";
				"CODE_SIGN_IDENTITY[sdk=iphoneos*]" = "iPhone Developer: James Heller (C357K8B9EX)";
				COPY_PHASE_STRIP = NO;
				GCC_C_LANGUAGE_STANDARD = gnu99;
				GCC_DYNAMIC_NO_PIC = NO;
				GCC_OPTIMIZATION_LEVEL = 0;
				GCC_PREPROCESSOR_DEFINITIONS = (
					"DEBUG=1",
					"$(inherited)",
				);
				GCC_SYMBOLS_PRIVATE_EXTERN = NO;
				GCC_WARN_64_TO_32_BIT_CONVERSION = YES;
				GCC_WARN_ABOUT_RETURN_TYPE = YES_ERROR;
				GCC_WARN_UNDECLARED_SELECTOR = YES;
				GCC_WARN_UNINITIALIZED_AUTOS = YES_AGGRESSIVE;
				GCC_WARN_UNUSED_FUNCTION = YES;
				GCC_WARN_UNUSED_VARIABLE = YES;
				IPHONEOS_DEPLOYMENT_TARGET = 7.1;
				ONLY_ACTIVE_ARCH = YES;
				SDKROOT = iphoneos;
				TARGETED_DEVICE_FAMILY = 2;
			};
			name = Debug;
		};
		820ED6E31990B93C00413F6F /* Release */ = {
			isa = XCBuildConfiguration;
			buildSettings = {
				ALWAYS_SEARCH_USER_PATHS = NO;
				CLANG_CXX_LANGUAGE_STANDARD = "gnu++0x";
				CLANG_CXX_LIBRARY = "libc++";
				CLANG_ENABLE_MODULES = YES;
				CLANG_ENABLE_OBJC_ARC = YES;
				CLANG_WARN_BOOL_CONVERSION = YES;
				CLANG_WARN_CONSTANT_CONVERSION = YES;
				CLANG_WARN_DIRECT_OBJC_ISA_USAGE = YES_ERROR;
				CLANG_WARN_EMPTY_BODY = YES;
				CLANG_WARN_ENUM_CONVERSION = YES;
				CLANG_WARN_INT_CONVERSION = YES;
				CLANG_WARN_OBJC_ROOT_CLASS = YES_ERROR;
				CLANG_WARN__DUPLICATE_METHOD_MATCH = YES;
				"CODE_SIGN_IDENTITY[sdk=iphoneos*]" = "";
				COPY_PHASE_STRIP = YES;
				ENABLE_NS_ASSERTIONS = NO;
				GCC_C_LANGUAGE_STANDARD = gnu99;
				GCC_WARN_64_TO_32_BIT_CONVERSION = YES;
				GCC_WARN_ABOUT_RETURN_TYPE = YES_ERROR;
				GCC_WARN_UNDECLARED_SELECTOR = YES;
				GCC_WARN_UNINITIALIZED_AUTOS = YES_AGGRESSIVE;
				GCC_WARN_UNUSED_FUNCTION = YES;
				GCC_WARN_UNUSED_VARIABLE = YES;
				IPHONEOS_DEPLOYMENT_TARGET = 7.1;
				SDKROOT = iphoneos;
				TARGETED_DEVICE_FAMILY = 2;
				VALIDATE_PRODUCT = YES;
			};
			name = Release;
		};
		820ED6E51990B93C00413F6F /* Debug */ = {
			isa = XCBuildConfiguration;
			baseConfigurationReference = AC84E950A6054CD182760900 /* Pods.xcconfig */;
			buildSettings = {
				ASSETCATALOG_COMPILER_APPICON_NAME = AppIcon;
				ASSETCATALOG_COMPILER_LAUNCHIMAGE_NAME = LaunchImage;
				CODE_SIGN_IDENTITY = "iPhone Developer: James Heller (C357K8B9EX)";
				GCC_PRECOMPILE_PREFIX_HEADER = YES;
				GCC_PREFIX_HEADER = "RecruitmentApp/RecruitmentApp-Prefix.pch";
				INFOPLIST_FILE = "RecruitmentApp/RecruitmentApp-Info.plist";
				PRODUCT_NAME = "$(TARGET_NAME)";
				WRAPPER_EXTENSION = app;
			};
			name = Debug;
		};
		820ED6E61990B93C00413F6F /* Release */ = {
			isa = XCBuildConfiguration;
			baseConfigurationReference = AC84E950A6054CD182760900 /* Pods.xcconfig */;
			buildSettings = {
				ASSETCATALOG_COMPILER_APPICON_NAME = AppIcon;
				ASSETCATALOG_COMPILER_LAUNCHIMAGE_NAME = LaunchImage;
				CODE_SIGN_IDENTITY = "";
				GCC_PRECOMPILE_PREFIX_HEADER = YES;
				GCC_PREFIX_HEADER = "RecruitmentApp/RecruitmentApp-Prefix.pch";
				INFOPLIST_FILE = "RecruitmentApp/RecruitmentApp-Info.plist";
				PRODUCT_NAME = "$(TARGET_NAME)";
				WRAPPER_EXTENSION = app;
			};
			name = Release;
		};
		820ED6E81990B93C00413F6F /* Debug */ = {
			isa = XCBuildConfiguration;
			buildSettings = {
				BUNDLE_LOADER = "$(BUILT_PRODUCTS_DIR)/RecruitmentApp.app/RecruitmentApp";
				FRAMEWORK_SEARCH_PATHS = (
					"$(SDKROOT)/Developer/Library/Frameworks",
					"$(inherited)",
					"$(DEVELOPER_FRAMEWORKS_DIR)",
				);
				GCC_PRECOMPILE_PREFIX_HEADER = YES;
				GCC_PREFIX_HEADER = "RecruitmentApp/RecruitmentApp-Prefix.pch";
				GCC_PREPROCESSOR_DEFINITIONS = (
					"DEBUG=1",
					"$(inherited)",
				);
				INFOPLIST_FILE = "RecruitmentAppTests/RecruitmentAppTests-Info.plist";
				PRODUCT_NAME = "$(TARGET_NAME)";
				TEST_HOST = "$(BUNDLE_LOADER)";
				WRAPPER_EXTENSION = xctest;
			};
			name = Debug;
		};
		820ED6E91990B93C00413F6F /* Release */ = {
			isa = XCBuildConfiguration;
			buildSettings = {
				BUNDLE_LOADER = "$(BUILT_PRODUCTS_DIR)/RecruitmentApp.app/RecruitmentApp";
				FRAMEWORK_SEARCH_PATHS = (
					"$(SDKROOT)/Developer/Library/Frameworks",
					"$(inherited)",
					"$(DEVELOPER_FRAMEWORKS_DIR)",
				);
				GCC_PRECOMPILE_PREFIX_HEADER = YES;
				GCC_PREFIX_HEADER = "RecruitmentApp/RecruitmentApp-Prefix.pch";
				INFOPLIST_FILE = "RecruitmentAppTests/RecruitmentAppTests-Info.plist";
				PRODUCT_NAME = "$(TARGET_NAME)";
				TEST_HOST = "$(BUNDLE_LOADER)";
				WRAPPER_EXTENSION = xctest;
			};
			name = Release;
		};
/* End XCBuildConfiguration section */

/* Begin XCConfigurationList section */
		820ED6AD1990B93B00413F6F /* Build configuration list for PBXProject "RecruitmentApp" */ = {
			isa = XCConfigurationList;
			buildConfigurations = (
				820ED6E21990B93C00413F6F /* Debug */,
				820ED6E31990B93C00413F6F /* Release */,
			);
			defaultConfigurationIsVisible = 0;
			defaultConfigurationName = Release;
		};
		820ED6E41990B93C00413F6F /* Build configuration list for PBXNativeTarget "RecruitmentApp" */ = {
			isa = XCConfigurationList;
			buildConfigurations = (
				820ED6E51990B93C00413F6F /* Debug */,
				820ED6E61990B93C00413F6F /* Release */,
			);
			defaultConfigurationIsVisible = 0;
			defaultConfigurationName = Release;
		};
		820ED6E71990B93C00413F6F /* Build configuration list for PBXNativeTarget "RecruitmentAppTests" */ = {
			isa = XCConfigurationList;
			buildConfigurations = (
				820ED6E81990B93C00413F6F /* Debug */,
				820ED6E91990B93C00413F6F /* Release */,
			);
			defaultConfigurationIsVisible = 0;
			defaultConfigurationName = Release;
		};
/* End XCConfigurationList section */

/* Begin XCVersionGroup section */
		82E3A0AE199ABF9A00E2C6F5 /* SJHRecruitmentApp.xcdatamodeld */ = {
			isa = XCVersionGroup;
			children = (
				82E3A0AF199ABF9A00E2C6F5 /* SJHRecruitmentApp.xcdatamodel */,
			);
			currentVersion = 82E3A0AF199ABF9A00E2C6F5 /* SJHRecruitmentApp.xcdatamodel */;
			name = SJHRecruitmentApp.xcdatamodeld;
			path = CoreData/SJHRecruitmentApp.xcdatamodeld;
			sourceTree = "<group>";
			versionGroupType = wrapper.xcdatamodel;
		};
/* End XCVersionGroup section */
	};
	rootObject = 820ED6AA1990B93B00413F6F /* Project object */;
}
